PODS:
  - AdColony (2.6.0)
  - AppLovin (3.1.6)
  - FacebookAudienceNetwork (4.8.0)
  - Google-Mobile-Ads-SDK (7.6.0)
  - HyprMX (68)
  - HZChartboost (6.0.1)
  - HZInMobi (5.0.2)
  - KIF (3.3.0):
    - KIF/Core (= 3.3.0)
  - KIF/Core (3.3.0)
  - Kiwi (2.4.0)
  - Leadbolt (6.0)
  - Masonry (0.6.3)
  - OCHamcrest (4.3.0)
  - OCMockito (2.0.1):
    - OCHamcrest (~> 4.0)
  - OHHTTPStubs (4.6.0):
    - OHHTTPStubs/Default (= 4.6.0)
  - OHHTTPStubs/Core (4.6.0)
  - OHHTTPStubs/Default (4.6.0):
    - OHHTTPStubs/Core
    - OHHTTPStubs/JSON
    - OHHTTPStubs/NSURLSession
    - OHHTTPStubs/OHPathHelpers
  - OHHTTPStubs/JSON (4.6.0):
    - OHHTTPStubs/Core
  - OHHTTPStubs/NSURLSession (4.6.0):
    - OHHTTPStubs/Core
  - OHHTTPStubs/OHPathHelpers (4.6.0)
  - UnityAds (1.5.3)
  - VungleSDK-iOS (3.2.0.1)

DEPENDENCIES:
  - AdColony
  - AppLovin
  - FacebookAudienceNetwork
  - Google-Mobile-Ads-SDK
  - HyprMX
  - HZChartboost
  - HZInMobi
  - KIF
  - Kiwi
  - Leadbolt
  - Masonry
  - OCMockito
  - OHHTTPStubs
  - UnityAds
  - VungleSDK-iOS

SPEC CHECKSUMS:
  AdColony: ab47c3e22be7843e08f90989381a222884be4a62
  AppLovin: 2b0f74bb4aff2594a618428e8000013ad232efe6
  FacebookAudienceNetwork: bd18ab1e4a2968cd10f7e6ba7d2e3ba4454e9b77
  Google-Mobile-Ads-SDK: 0290020329c61183c4685304264b73382bc49fb4
  HyprMX: 626dcce6c83a9856abeeef644542bc2cd058770e
  HZChartboost: bb01521c0cebf9dbbe979f642b9934923e18512e
  HZInMobi: 595afc6c2784f66e3788c85aadf803aa870532e6
  KIF: 0a82046d06f3648799cac522d2d0f7934214caac
  Kiwi: f49c9d54b28917df5928fe44968a39ed198cb8a8
  Leadbolt: 2599cdd53890689158e94bd93268ae118b43ed1e
  Masonry: ff105a956abcd19a618b2028b121cb638d7a8e2f
  OCHamcrest: cd63d27f48a266d4412c0b295b01b8f0940efa81
  OCMockito: f92ad4c6fac2841a88558879cfe517c40aebf91e
  OHHTTPStubs: cb1aefbbeb4de4e741644455d4b945538e5248a2
  UnityAds: 21da73c678c2db60f9495b28bdfd24fca78703d6
  VungleSDK-iOS: e18cf2f47cf0abe096d4b162f583bd197de1ea28

COCOAPODS: 0.39.0
