PODS:
  - AdColony (2.4.12)
  - AppLovin (2.5.3)
  - ChartboostSDK (5.0.3)
  - Google-AdMob-Ads-SDK (6.12.0)
  - Kiwi (2.3.0)
  - OCHamcrest (4.0.1)
  - OCMockito (1.3.1):
    - OCHamcrest (~> 4.0)
  - OHHTTPStubs (3.1.2)
  - Subliminal (1.1.0)
  - UnityAds (1.3.8)
  - VungleAdvertiserSDK (3.0.10)

DEPENDENCIES:
  - AdColony
  - AppLovin
  - ChartboostSDK
  - Google-AdMob-Ads-SDK
  - Kiwi
  - OCMockito
  - OHHTTPStubs
  - Subliminal (from `https://github.com/inkling/Subliminal.git`, branch `shared/Xcode6`)
  - UnityAds
  - VungleAdvertiserSDK

EXTERNAL SOURCES:
  Subliminal:
    :branch: shared/Xcode6
    :git: https://github.com/inkling/Subliminal.git

SPEC CHECKSUMS:
  AdColony: e6d8397d198b9f2659059747261d554f251104cb
  AppLovin: 72a74516437877d23615c9a32efdae1901fe44fb
  ChartboostSDK: 76a8f4b042533c17cc1cdbfb0ddc639e350a3f0d
  Google-AdMob-Ads-SDK: c6ef102829828ae16eec879afa2c8921413a8f06
  Kiwi: 54bece5b35564d9b8e03c608d926f1a22fcfc589
  OCHamcrest: b464725bbb48d0f1cd9c6f4ec3cb35fe0c4f2b94
  OCMockito: 57b8c4bb54ff3a4a14eb2174f9e57faf9f56efb6
  OHHTTPStubs: c1c2007839687eaf9b80f061ce84440515080ebb
  Subliminal: 3fa4291de86aff7a60b799b8a1911311e513e396
  UnityAds: 75f8b7da6f604d604323939cf470cfb90b0c91e9
  VungleAdvertiserSDK: 28b0b599a406f093609f01f06da729fec7de4d82

COCOAPODS: 0.34.2
